---
sources:
- name: ruby/gem_rbs_collection
  remote: https://github.com/ruby/gem_rbs_collection.git
  revision: main
  repo_dir: gems
path: ".gem_rbs_collection"
gems:
- name: addressable
  version: '2.8'
  source:
    type: git
    name: ruby/gem_rbs_collection
    revision: 3670834268f4ea9c10aefeffae7e072b51256375
    remote: https://github.com/ruby/gem_rbs_collection.git
    repo_dir: gems
- name: ast
  version: '2.4'
  source:
    type: git
    name: ruby/gem_rbs_collection
    revision: 3670834268f4ea9c10aefeffae7e072b51256375
    remote: https://github.com/ruby/gem_rbs_collection.git
    repo_dir: gems
- name: base64
  version: '0'
  source:
    type: stdlib
- name: bigdecimal
  version: '0'
  source:
    type: stdlib
- name: hashdiff
  version: '1.1'
  source:
    type: git
    name: ruby/gem_rbs_collection
    revision: 3670834268f4ea9c10aefeffae7e072b51256375
    remote: https://github.com/ruby/gem_rbs_collection.git
    repo_dir: gems
- name: json
  version: '0'
  source:
    type: stdlib
- name: logger
  version: '0'
  source:
    type: stdlib
- name: minitest
  version: '0'
  source:
    type: stdlib
- name: parallel
  version: '1.20'
  source:
    type: git
    name: ruby/gem_rbs_collection
    revision: 3670834268f4ea9c10aefeffae7e072b51256375
    remote: https://github.com/ruby/gem_rbs_collection.git
    repo_dir: gems
- name: parser
  version: '3.2'
  source:
    type: git
    name: ruby/gem_rbs_collection
    revision: 3670834268f4ea9c10aefeffae7e072b51256375
    remote: https://github.com/ruby/gem_rbs_collection.git
    repo_dir: gems
- name: rainbow
  version: '3.0'
  source:
    type: git
    name: ruby/gem_rbs_collection
    revision: 3670834268f4ea9c10aefeffae7e072b51256375
    remote: https://github.com/ruby/gem_rbs_collection.git
    repo_dir: gems
- name: rake
  version: '13.0'
  source:
    type: git
    name: ruby/gem_rbs_collection
    revision: 3670834268f4ea9c10aefeffae7e072b51256375
    remote: https://github.com/ruby/gem_rbs_collection.git
    repo_dir: gems
- name: regexp_parser
  version: '2.8'
  source:
    type: git
    name: ruby/gem_rbs_collection
    revision: 3670834268f4ea9c10aefeffae7e072b51256375
    remote: https://github.com/ruby/gem_rbs_collection.git
    repo_dir: gems
- name: rubocop
  version: '1.57'
  source:
    type: git
    name: ruby/gem_rbs_collection
    revision: 3670834268f4ea9c10aefeffae7e072b51256375
    remote: https://github.com/ruby/gem_rbs_collection.git
    repo_dir: gems
- name: rubocop-ast
  version: '1.30'
  source:
    type: git
    name: ruby/gem_rbs_collection
    revision: 3670834268f4ea9c10aefeffae7e072b51256375
    remote: https://github.com/ruby/gem_rbs_collection.git
    repo_dir: gems
- name: rubyzip
  version: '2.3'
  source:
    type: git
    name: ruby/gem_rbs_collection
    revision: 3670834268f4ea9c10aefeffae7e072b51256375
    remote: https://github.com/ruby/gem_rbs_collection.git
    repo_dir: gems
- name: simplecov
  version: '0.22'
  source:
    type: git
    name: ruby/gem_rbs_collection
    revision: 3670834268f4ea9c10aefeffae7e072b51256375
    remote: https://github.com/ruby/gem_rbs_collection.git
    repo_dir: gems
- name: strscan
  version: '0'
  source:
    type: stdlib
- name: thor
  version: '1.2'
  source:
    type: git
    name: ruby/gem_rbs_collection
    revision: 3670834268f4ea9c10aefeffae7e072b51256375
    remote: https://github.com/ruby/gem_rbs_collection.git
    repo_dir: gems
- name: webmock
  version: '3.19'
  source:
    type: git
    name: ruby/gem_rbs_collection
    revision: 3670834268f4ea9c10aefeffae7e072b51256375
    remote: https://github.com/ruby/gem_rbs_collection.git
    repo_dir: gems
- name: yard
  version: '0.9'
  source:
    type: git
    name: ruby/gem_rbs_collection
    revision: 3670834268f4ea9c10aefeffae7e072b51256375
    remote: https://github.com/ruby/gem_rbs_collection.git
    repo_dir: gems
- name: monitor
  version: '0'
  source:
    type: stdlib
- name: mutex_m
  version: '0'
  source:
    type: stdlib
- name: fileutils
  version: '0'
  source:
    type: stdlib
- name: optparse
  version: '0'
  source:
    type: stdlib
